
Microsoft Visual Studio Solution File, Format Version 12.00
# Visual Studio Version 17
VisualStudioVersion = 17.3.32922.545
MinimumVisualStudioVersion = 10.0.40219.1
Project("{FAE04EC0-301F-11D3-BF4B-00C04F79EFBC}") = "EcoMonitoringIS", "EcoMonitoringIS\EcoMonitoringIS.csproj", "{1D4396FE-0F1C-4898-8CCA-11BFAB78162F}"
EndProject
Global
	GlobalSection(SolutionConfigurationPlatforms) = preSolution
		Debug|Any CPU = Debug|Any CPU
		Release|Any CPU = Release|Any CPU
	EndGlobalSection
	GlobalSection(ProjectConfigurationPlatforms) = postSolution
		{1D4396FE-0F1C-4898-8CCA-11BFAB78162F}.Debug|Any CPU.ActiveCfg = Debug|Any CPU
		{1D4396FE-0F1C-4898-8CCA-11BFAB78162F}.Debug|Any CPU.Build.0 = Debug|Any CPU
		{1D4396FE-0F1C-4898-8CCA-11BFAB78162F}.Release|Any CPU.ActiveCfg = Release|Any CPU
		{1D4396FE-0F1C-4898-8CCA-11BFAB78162F}.Release|Any CPU.Build.0 = Release|Any CPU
	EndGlobalSection
	GlobalSection(SolutionProperties) = preSolution
		HideSolutionNode = FALSE
	EndGlobalSection
	GlobalSection(ExtensibilityGlobals) = postSolution
		SolutionGuid = {D588C642-6AD0-4E01-A467-1C9FA048AD70}
	EndGlobalSection
EndGlobal
